
Microsoft Visual Studio Solution File, Format Version 12.00
# Visual Studio Version 17
VisualStudioVersion = 17.7.34031.279
MinimumVisualStudioVersion = 10.0.40219.1
Project("{FAE04EC0-301F-11D3-BF4B-00C04F79EFBC}") = "CyanSureBetPlatform", "CyanSureBetPlatform\CyanSureBetPlatform.csproj", "{A42AA643-5BD5-4CDE-9882-1972D307E99B}"
EndProject
Project("{FAE04EC0-301F-11D3-BF4B-00C04F79EFBC}") = "Cyan.Application", "Cyan.Application\Cyan.Application.csproj", "{3BEEFE5E-112E-408B-8AE2-5CEE87C38550}"
EndProject
Project("{FAE04EC0-301F-11D3-BF4B-00C04F79EFBC}") = "Cyan.Domain", "Cyan.Domain\Cyan.Domain.csproj", "{F959FB35-90F7-4B2B-951B-C361646961C3}"
EndProject
Project("{FAE04EC0-301F-11D3-BF4B-00C04F79EFBC}") = "Cyan.Infraestructure", "Cyan.Infraestructure\Cyan.Infraestructure.csproj", "{26CED63B-5266-4BFA-B13C-BF77800A5AE8}"
EndProject
Project("{FAE04EC0-301F-11D3-BF4B-00C04F79EFBC}") = "Cyan.Utils", "Cyan.Utils\Cyan.Utils.csproj", "{F8D3AAEB-F50C-486A-A98B-32ABF264C579}"
EndProject
Global
	GlobalSection(SolutionConfigurationPlatforms) = preSolution
		Debug|Any CPU = Debug|Any CPU
		Release|Any CPU = Release|Any CPU
	EndGlobalSection
	GlobalSection(ProjectConfigurationPlatforms) = postSolution
		{A42AA643-5BD5-4CDE-9882-1972D307E99B}.Debug|Any CPU.ActiveCfg = Debug|Any CPU
		{A42AA643-5BD5-4CDE-9882-1972D307E99B}.Debug|Any CPU.Build.0 = Debug|Any CPU
		{A42AA643-5BD5-4CDE-9882-1972D307E99B}.Release|Any CPU.ActiveCfg = Release|Any CPU
		{A42AA643-5BD5-4CDE-9882-1972D307E99B}.Release|Any CPU.Build.0 = Release|Any CPU
		{3BEEFE5E-112E-408B-8AE2-5CEE87C38550}.Debug|Any CPU.ActiveCfg = Debug|Any CPU
		{3BEEFE5E-112E-408B-8AE2-5CEE87C38550}.Debug|Any CPU.Build.0 = Debug|Any CPU
		{3BEEFE5E-112E-408B-8AE2-5CEE87C38550}.Release|Any CPU.ActiveCfg = Release|Any CPU
		{3BEEFE5E-112E-408B-8AE2-5CEE87C38550}.Release|Any CPU.Build.0 = Release|Any CPU
		{F959FB35-90F7-4B2B-951B-C361646961C3}.Debug|Any CPU.ActiveCfg = Debug|Any CPU
		{F959FB35-90F7-4B2B-951B-C361646961C3}.Debug|Any CPU.Build.0 = Debug|Any CPU
		{F959FB35-90F7-4B2B-951B-C361646961C3}.Release|Any CPU.ActiveCfg = Release|Any CPU
		{F959FB35-90F7-4B2B-951B-C361646961C3}.Release|Any CPU.Build.0 = Release|Any CPU
		{26CED63B-5266-4BFA-B13C-BF77800A5AE8}.Debug|Any CPU.ActiveCfg = Debug|Any CPU
		{26CED63B-5266-4BFA-B13C-BF77800A5AE8}.Debug|Any CPU.Build.0 = Debug|Any CPU
		{26CED63B-5266-4BFA-B13C-BF77800A5AE8}.Release|Any CPU.ActiveCfg = Release|Any CPU
		{26CED63B-5266-4BFA-B13C-BF77800A5AE8}.Release|Any CPU.Build.0 = Release|Any CPU
		{F8D3AAEB-F50C-486A-A98B-32ABF264C579}.Debug|Any CPU.ActiveCfg = Debug|Any CPU
		{F8D3AAEB-F50C-486A-A98B-32ABF264C579}.Debug|Any CPU.Build.0 = Debug|Any CPU
		{F8D3AAEB-F50C-486A-A98B-32ABF264C579}.Release|Any CPU.ActiveCfg = Release|Any CPU
		{F8D3AAEB-F50C-486A-A98B-32ABF264C579}.Release|Any CPU.Build.0 = Release|Any CPU
	EndGlobalSection
	GlobalSection(SolutionProperties) = preSolution
		HideSolutionNode = FALSE
	EndGlobalSection
	GlobalSection(ExtensibilityGlobals) = postSolution
		SolutionGuid = {22253C56-F717-48B4-8E28-7E914EB120DD}
	EndGlobalSection
EndGlobal
