
Microsoft Visual Studio Solution File, Format Version 12.00
# Visual Studio Version 17
VisualStudioVersion = 17.2.32630.192
MinimumVisualStudioVersion = 10.0.40219.1
Project("{FAE04EC0-301F-11D3-BF4B-00C04F79EFBC}") = "IS_SureBet", "IS_SureBet\IS_SureBet.csproj", "{497803AF-2A9D-4A81-B727-A605CE8D3237}"
EndProject
Global
	GlobalSection(SolutionConfigurationPlatforms) = preSolution
		Debug|Any CPU = Debug|Any CPU
		Release|Any CPU = Release|Any CPU
	EndGlobalSection
	GlobalSection(ProjectConfigurationPlatforms) = postSolution
		{497803AF-2A9D-4A81-B727-A605CE8D3237}.Debug|Any CPU.ActiveCfg = Debug|Any CPU
		{497803AF-2A9D-4A81-B727-A605CE8D3237}.Debug|Any CPU.Build.0 = Debug|Any CPU
		{497803AF-2A9D-4A81-B727-A605CE8D3237}.Release|Any CPU.ActiveCfg = Release|Any CPU
		{497803AF-2A9D-4A81-B727-A605CE8D3237}.Release|Any CPU.Build.0 = Release|Any CPU
	EndGlobalSection
	GlobalSection(SolutionProperties) = preSolution
		HideSolutionNode = FALSE
	EndGlobalSection
	GlobalSection(ExtensibilityGlobals) = postSolution
		SolutionGuid = {47370EA9-0D75-4E76-8703-D475E92FE1ED}
	EndGlobalSection
EndGlobal
